
Microsoft Visual Studio Solution File, Format Version 12.00
# Visual Studio Version 17
VisualStudioVersion = 17.8.34330.188
MinimumVisualStudioVersion = 10.0.40219.1
Project("{9A19103F-16F7-4668-BE54-9A1E7A4F7556}") = "IRDA_MicroService", "IRDA_MicroService\IRDA_MicroService.csproj", "{78DF5C44-42F4-46AF-ACF0-334663A88F81}"
EndProject
Project("{9A19103F-16F7-4668-BE54-9A1E7A4F7556}") = "IRDA_BAL", "IRDA_BAL\IRDA_BAL.csproj", "{A589A1F1-5E48-4D09-A21B-9AB3199DB1DB}"
EndProject
Project("{9A19103F-16F7-4668-BE54-9A1E7A4F7556}") = "IRDA_DAL", "IRDA_DAL\IRDA_DAL.csproj", "{7C23E182-FDEC-4252-AAEF-9888680A9239}"
EndProject
Project("{FAE04EC0-301F-11D3-BF4B-00C04F79EFBC}") = "IRDA_UnitTest", "IRDA_UnitTest\IRDA_UnitTest.csproj", "{119715D4-F7E1-465D-AEBF-58D77DF7C949}"
EndProject
Global
	GlobalSection(SolutionConfigurationPlatforms) = preSolution
		Debug|Any CPU = Debug|Any CPU
		Release|Any CPU = Release|Any CPU
	EndGlobalSection
	GlobalSection(ProjectConfigurationPlatforms) = postSolution
		{78DF5C44-42F4-46AF-ACF0-334663A88F81}.Debug|Any CPU.ActiveCfg = Debug|Any CPU
		{78DF5C44-42F4-46AF-ACF0-334663A88F81}.Debug|Any CPU.Build.0 = Debug|Any CPU
		{78DF5C44-42F4-46AF-ACF0-334663A88F81}.Release|Any CPU.ActiveCfg = Release|Any CPU
		{78DF5C44-42F4-46AF-ACF0-334663A88F81}.Release|Any CPU.Build.0 = Release|Any CPU
		{A589A1F1-5E48-4D09-A21B-9AB3199DB1DB}.Debug|Any CPU.ActiveCfg = Debug|Any CPU
		{A589A1F1-5E48-4D09-A21B-9AB3199DB1DB}.Debug|Any CPU.Build.0 = Debug|Any CPU
		{A589A1F1-5E48-4D09-A21B-9AB3199DB1DB}.Release|Any CPU.ActiveCfg = Release|Any CPU
		{A589A1F1-5E48-4D09-A21B-9AB3199DB1DB}.Release|Any CPU.Build.0 = Release|Any CPU
		{7C23E182-FDEC-4252-AAEF-9888680A9239}.Debug|Any CPU.ActiveCfg = Debug|Any CPU
		{7C23E182-FDEC-4252-AAEF-9888680A9239}.Debug|Any CPU.Build.0 = Debug|Any CPU
		{7C23E182-FDEC-4252-AAEF-9888680A9239}.Release|Any CPU.ActiveCfg = Release|Any CPU
		{7C23E182-FDEC-4252-AAEF-9888680A9239}.Release|Any CPU.Build.0 = Release|Any CPU
		{119715D4-F7E1-465D-AEBF-58D77DF7C949}.Debug|Any CPU.ActiveCfg = Debug|Any CPU
		{119715D4-F7E1-465D-AEBF-58D77DF7C949}.Debug|Any CPU.Build.0 = Debug|Any CPU
		{119715D4-F7E1-465D-AEBF-58D77DF7C949}.Release|Any CPU.ActiveCfg = Release|Any CPU
		{119715D4-F7E1-465D-AEBF-58D77DF7C949}.Release|Any CPU.Build.0 = Release|Any CPU
	EndGlobalSection
	GlobalSection(SolutionProperties) = preSolution
		HideSolutionNode = FALSE
	EndGlobalSection
	GlobalSection(ExtensibilityGlobals) = postSolution
		SolutionGuid = {F82FAC5D-3208-48D8-9249-0A9396B02F1D}
	EndGlobalSection
EndGlobal
